
Microsoft Visual Studio Solution File, Format Version 12.00
# Visual Studio Version 17
VisualStudioVersion = 17.9.34622.214
MinimumVisualStudioVersion = 10.0.40219.1
Project("{FAE04EC0-301F-11D3-BF4B-00C04F79EFBC}") = "AplicacionBiblioteca", "AplicacionBiblioteca\AplicacionBiblioteca.csproj", "{282201B5-3A1A-4F36-A3E7-AB4A7938D378}"
EndProject
Global
	GlobalSection(SolutionConfigurationPlatforms) = preSolution
		Debug|Any CPU = Debug|Any CPU
		Release|Any CPU = Release|Any CPU
	EndGlobalSection
	GlobalSection(ProjectConfigurationPlatforms) = postSolution
		{282201B5-3A1A-4F36-A3E7-AB4A7938D378}.Debug|Any CPU.ActiveCfg = Debug|Any CPU
		{282201B5-3A1A-4F36-A3E7-AB4A7938D378}.Debug|Any CPU.Build.0 = Debug|Any CPU
		{282201B5-3A1A-4F36-A3E7-AB4A7938D378}.Release|Any CPU.ActiveCfg = Release|Any CPU
		{282201B5-3A1A-4F36-A3E7-AB4A7938D378}.Release|Any CPU.Build.0 = Release|Any CPU
	EndGlobalSection
	GlobalSection(SolutionProperties) = preSolution
		HideSolutionNode = FALSE
	EndGlobalSection
	GlobalSection(ExtensibilityGlobals) = postSolution
		SolutionGuid = {EE0A468A-DCF3-4BFD-AA43-35D5AD8984CA}
	EndGlobalSection
EndGlobal
